
Microsoft Visual Studio Solution File, Format Version 12.00
# Visual Studio 14
VisualStudioVersion = 14.0.23107.0
MinimumVisualStudioVersion = 10.0.40219.1
Project("{FAE04EC0-301F-11D3-BF4B-00C04F79EFBC}") = "Cake.EnvXmlTransform", "Cake.EnvXmlTransform\Cake.EnvXmlTransform.csproj", "{159AFD1F-471A-4CE5-B8F0-134FACC7E199}"
EndProject
Project("{FAE04EC0-301F-11D3-BF4B-00C04F79EFBC}") = "Cake.EnvXmlTransform.Tests", "Cake.EnvXmlTransform.Tests\Cake.EnvXmlTransform.Tests.csproj", "{F94F59EC-FCA3-4639-9E79-7EFF11A6E848}"
EndProject
Global
	GlobalSection(SolutionConfigurationPlatforms) = preSolution
		Debug|Any CPU = Debug|Any CPU
		Release|Any CPU = Release|Any CPU
	EndGlobalSection
	GlobalSection(ProjectConfigurationPlatforms) = postSolution
		{159AFD1F-471A-4CE5-B8F0-134FACC7E199}.Debug|Any CPU.ActiveCfg = Debug|Any CPU
		{159AFD1F-471A-4CE5-B8F0-134FACC7E199}.Debug|Any CPU.Build.0 = Debug|Any CPU
		{159AFD1F-471A-4CE5-B8F0-134FACC7E199}.Release|Any CPU.ActiveCfg = Release|Any CPU
		{159AFD1F-471A-4CE5-B8F0-134FACC7E199}.Release|Any CPU.Build.0 = Release|Any CPU
		{F94F59EC-FCA3-4639-9E79-7EFF11A6E848}.Debug|Any CPU.ActiveCfg = Debug|Any CPU
		{F94F59EC-FCA3-4639-9E79-7EFF11A6E848}.Debug|Any CPU.Build.0 = Debug|Any CPU
		{F94F59EC-FCA3-4639-9E79-7EFF11A6E848}.Release|Any CPU.ActiveCfg = Release|Any CPU
		{F94F59EC-FCA3-4639-9E79-7EFF11A6E848}.Release|Any CPU.Build.0 = Release|Any CPU
	EndGlobalSection
	GlobalSection(SolutionProperties) = preSolution
		HideSolutionNode = FALSE
	EndGlobalSection
EndGlobal
