
Microsoft Visual Studio Solution File, Format Version 12.00
# Visual Studio 15
VisualStudioVersion = 15.0.27703.2026
MinimumVisualStudioVersion = 10.0.40219.1
Project("{2150E333-8FDC-42A3-9474-1A3956D46DE8}") = "src", "src", "{7B0635BC-1620-4D10-A2B8-CCDBE6A0380D}"
EndProject
Project("{9A19103F-16F7-4668-BE54-9A1E7A4F7556}") = "Cake.EnvXmlTransform", "Cake.EnvXmlTransform\Cake.EnvXmlTransform.csproj", "{2EAA63F0-2E4F-45A1-BBA3-CB6BA5B85D1C}"
EndProject
Project("{9A19103F-16F7-4668-BE54-9A1E7A4F7556}") = "Cake.EnvXmlTransform.Tests", "Cake.EnvXmlTransform.Tests\Cake.EnvXmlTransform.Tests.csproj", "{4A758CA8-5C34-4A09-8F69-48CB121C926A}"
EndProject
Global
	GlobalSection(SolutionConfigurationPlatforms) = preSolution
		Debug|Any CPU = Debug|Any CPU
		Release|Any CPU = Release|Any CPU
	EndGlobalSection
	GlobalSection(ProjectConfigurationPlatforms) = postSolution
		{2EAA63F0-2E4F-45A1-BBA3-CB6BA5B85D1C}.Debug|Any CPU.ActiveCfg = Debug|Any CPU
		{2EAA63F0-2E4F-45A1-BBA3-CB6BA5B85D1C}.Debug|Any CPU.Build.0 = Debug|Any CPU
		{2EAA63F0-2E4F-45A1-BBA3-CB6BA5B85D1C}.Release|Any CPU.ActiveCfg = Release|Any CPU
		{2EAA63F0-2E4F-45A1-BBA3-CB6BA5B85D1C}.Release|Any CPU.Build.0 = Release|Any CPU
		{4A758CA8-5C34-4A09-8F69-48CB121C926A}.Debug|Any CPU.ActiveCfg = Debug|Any CPU
		{4A758CA8-5C34-4A09-8F69-48CB121C926A}.Debug|Any CPU.Build.0 = Debug|Any CPU
		{4A758CA8-5C34-4A09-8F69-48CB121C926A}.Release|Any CPU.ActiveCfg = Release|Any CPU
		{4A758CA8-5C34-4A09-8F69-48CB121C926A}.Release|Any CPU.Build.0 = Release|Any CPU
	EndGlobalSection
	GlobalSection(SolutionProperties) = preSolution
		HideSolutionNode = FALSE
	EndGlobalSection
	GlobalSection(NestedProjects) = preSolution
		{2EAA63F0-2E4F-45A1-BBA3-CB6BA5B85D1C} = {7B0635BC-1620-4D10-A2B8-CCDBE6A0380D}
		{4A758CA8-5C34-4A09-8F69-48CB121C926A} = {7B0635BC-1620-4D10-A2B8-CCDBE6A0380D}
	EndGlobalSection
	GlobalSection(ExtensibilityGlobals) = postSolution
		SolutionGuid = {966A62AD-086A-4C0A-96AD-6E3ADF59BCC4}
	EndGlobalSection
EndGlobal
